
Microsoft Visual Studio Solution File, Format Version 12.00
# Visual Studio Version 17
VisualStudioVersion = 17.5.33424.131
MinimumVisualStudioVersion = 10.0.40219.1
Project("{9A19103F-16F7-4668-BE54-9A1E7A4F7556}") = "API", "API\API.csproj", "{4A359258-6995-486B-8695-990E1E70CBBD}"
EndProject
Project("{9A19103F-16F7-4668-BE54-9A1E7A4F7556}") = "Client", "Client\Client.csproj", "{7D0B6AE9-960B-42DE-9181-6018578F1539}"
EndProject
Global
	GlobalSection(SolutionConfigurationPlatforms) = preSolution
		Debug|Any CPU = Debug|Any CPU
		Release|Any CPU = Release|Any CPU
	EndGlobalSection
	GlobalSection(ProjectConfigurationPlatforms) = postSolution
		{4A359258-6995-486B-8695-990E1E70CBBD}.Debug|Any CPU.ActiveCfg = Debug|Any CPU
		{4A359258-6995-486B-8695-990E1E70CBBD}.Debug|Any CPU.Build.0 = Debug|Any CPU
		{4A359258-6995-486B-8695-990E1E70CBBD}.Release|Any CPU.ActiveCfg = Release|Any CPU
		{4A359258-6995-486B-8695-990E1E70CBBD}.Release|Any CPU.Build.0 = Release|Any CPU
		{7D0B6AE9-960B-42DE-9181-6018578F1539}.Debug|Any CPU.ActiveCfg = Debug|Any CPU
		{7D0B6AE9-960B-42DE-9181-6018578F1539}.Debug|Any CPU.Build.0 = Debug|Any CPU
		{7D0B6AE9-960B-42DE-9181-6018578F1539}.Release|Any CPU.ActiveCfg = Release|Any CPU
		{7D0B6AE9-960B-42DE-9181-6018578F1539}.Release|Any CPU.Build.0 = Release|Any CPU
	EndGlobalSection
	GlobalSection(SolutionProperties) = preSolution
		HideSolutionNode = FALSE
	EndGlobalSection
	GlobalSection(ExtensibilityGlobals) = postSolution
		SolutionGuid = {82560AB1-F0FA-4E48-B814-D94C288109FF}
	EndGlobalSection
EndGlobal
